
Microsoft Visual Studio Solution File, Format Version 12.00
# Visual Studio Version 17
VisualStudioVersion = 17.8.34601.278
MinimumVisualStudioVersion = 10.0.40219.1
Project("{FAE04EC0-301F-11D3-BF4B-00C04F79EFBC}") = "Ex04.Menus. Interfaces", "Ex04.Menus. Interfaces\Ex04.Menus. Interfaces.csproj", "{7F0627A1-D82E-40D9-B267-9F641A3969CE}"
EndProject
Project("{FAE04EC0-301F-11D3-BF4B-00C04F79EFBC}") = "Ex04.Menus.Delegates", "Ex04.Menus.Delegates\Ex04.Menus.Delegates.csproj", "{14610B83-C826-42DB-931A-1C72DC5EFB66}"
EndProject
Project("{FAE04EC0-301F-11D3-BF4B-00C04F79EFBC}") = "Ex04.Menus.Test", "Ex04.Menus.Test\Ex04.Menus.Test.csproj", "{07AECA3A-E88D-4428-BB7D-BACFD9675BE1}"
EndProject
Global
	GlobalSection(SolutionConfigurationPlatforms) = preSolution
		Debug|Any CPU = Debug|Any CPU
		Release|Any CPU = Release|Any CPU
	EndGlobalSection
	GlobalSection(ProjectConfigurationPlatforms) = postSolution
		{7F0627A1-D82E-40D9-B267-9F641A3969CE}.Debug|Any CPU.ActiveCfg = Debug|Any CPU
		{7F0627A1-D82E-40D9-B267-9F641A3969CE}.Debug|Any CPU.Build.0 = Debug|Any CPU
		{7F0627A1-D82E-40D9-B267-9F641A3969CE}.Release|Any CPU.ActiveCfg = Release|Any CPU
		{7F0627A1-D82E-40D9-B267-9F641A3969CE}.Release|Any CPU.Build.0 = Release|Any CPU
		{14610B83-C826-42DB-931A-1C72DC5EFB66}.Debug|Any CPU.ActiveCfg = Debug|Any CPU
		{14610B83-C826-42DB-931A-1C72DC5EFB66}.Debug|Any CPU.Build.0 = Debug|Any CPU
		{14610B83-C826-42DB-931A-1C72DC5EFB66}.Release|Any CPU.ActiveCfg = Release|Any CPU
		{14610B83-C826-42DB-931A-1C72DC5EFB66}.Release|Any CPU.Build.0 = Release|Any CPU
		{07AECA3A-E88D-4428-BB7D-BACFD9675BE1}.Debug|Any CPU.ActiveCfg = Debug|Any CPU
		{07AECA3A-E88D-4428-BB7D-BACFD9675BE1}.Debug|Any CPU.Build.0 = Debug|Any CPU
		{07AECA3A-E88D-4428-BB7D-BACFD9675BE1}.Release|Any CPU.ActiveCfg = Release|Any CPU
		{07AECA3A-E88D-4428-BB7D-BACFD9675BE1}.Release|Any CPU.Build.0 = Release|Any CPU
	EndGlobalSection
	GlobalSection(SolutionProperties) = preSolution
		HideSolutionNode = FALSE
	EndGlobalSection
	GlobalSection(ExtensibilityGlobals) = postSolution
		SolutionGuid = {6A046583-D5C1-4086-B606-387D29A34E26}
	EndGlobalSection
EndGlobal
